
Microsoft Visual Studio Solution File, Format Version 12.00
# Visual Studio 14
VisualStudioVersion = 14.0.25420.1
MinimumVisualStudioVersion = 10.0.40219.1
Project("{8BC9CEB8-8B4A-11D0-8D11-00A0C91BC942}") = "SerialTest3", "SerialTest3\SerialTest3.vcxproj", "{33F0E3C6-4EB5-4C9D-8B1B-48AB57ADCE7E}"
EndProject
Global
	GlobalSection(SolutionConfigurationPlatforms) = preSolution
		Debug|x64 = Debug|x64
		Debug|x86 = Debug|x86
		Release|x64 = Release|x64
		Release|x86 = Release|x86
	EndGlobalSection
	GlobalSection(ProjectConfigurationPlatforms) = postSolution
		{33F0E3C6-4EB5-4C9D-8B1B-48AB57ADCE7E}.Debug|x64.ActiveCfg = Debug|x64
		{33F0E3C6-4EB5-4C9D-8B1B-48AB57ADCE7E}.Debug|x64.Build.0 = Debug|x64
		{33F0E3C6-4EB5-4C9D-8B1B-48AB57ADCE7E}.Debug|x86.ActiveCfg = Debug|Win32
		{33F0E3C6-4EB5-4C9D-8B1B-48AB57ADCE7E}.Debug|x86.Build.0 = Debug|Win32
		{33F0E3C6-4EB5-4C9D-8B1B-48AB57ADCE7E}.Release|x64.ActiveCfg = Release|x64
		{33F0E3C6-4EB5-4C9D-8B1B-48AB57ADCE7E}.Release|x64.Build.0 = Release|x64
		{33F0E3C6-4EB5-4C9D-8B1B-48AB57ADCE7E}.Release|x86.ActiveCfg = Release|Win32
		{33F0E3C6-4EB5-4C9D-8B1B-48AB57ADCE7E}.Release|x86.Build.0 = Release|Win32
	EndGlobalSection
	GlobalSection(SolutionProperties) = preSolution
		HideSolutionNode = FALSE
	EndGlobalSection
EndGlobal
